
Microsoft Visual Studio Solution File, Format Version 12.00
# Visual Studio Version 17
VisualStudioVersion = 17.2.32630.192
MinimumVisualStudioVersion = 10.0.40219.1
Project("{FAE04EC0-301F-11D3-BF4B-00C04F79EFBC}") = "ReferenceTypes", "ReferenceTypes\ReferenceTypes.csproj", "{17405BE1-B526-4266-A118-181B4331694C}"
EndProject
Project("{FAE04EC0-301F-11D3-BF4B-00C04F79EFBC}") = "Encapsulation", "Encapsulation\Encapsulation.csproj", "{EA5064A9-F606-441A-B842-0B04A4C035D8}"
EndProject
Project("{FAE04EC0-301F-11D3-BF4B-00C04F79EFBC}") = "Constructor", "Constructor\Constructor.csproj", "{A27F0CB0-1FCF-4C48-9DD0-8ECCD0510519}"
EndProject
Project("{FAE04EC0-301F-11D3-BF4B-00C04F79EFBC}") = "Interface", "Interface\Interface.csproj", "{F3EF861F-1CC9-4B24-A451-57A0CF231CA2}"
EndProject
Project("{FAE04EC0-301F-11D3-BF4B-00C04F79EFBC}") = "Generics", "Generics\Generics.csproj", "{816FC021-F812-4497-8E20-732926C37A6D}"
EndProject
Project("{FAE04EC0-301F-11D3-BF4B-00C04F79EFBC}") = "LinqProject", "LinqProject\LinqProject.csproj", "{1CF8110E-3FC7-45DC-A8A9-B011C3FC053D}"
EndProject
Global
	GlobalSection(SolutionConfigurationPlatforms) = preSolution
		Debug|Any CPU = Debug|Any CPU
		Release|Any CPU = Release|Any CPU
	EndGlobalSection
	GlobalSection(ProjectConfigurationPlatforms) = postSolution
		{17405BE1-B526-4266-A118-181B4331694C}.Debug|Any CPU.ActiveCfg = Debug|Any CPU
		{17405BE1-B526-4266-A118-181B4331694C}.Debug|Any CPU.Build.0 = Debug|Any CPU
		{17405BE1-B526-4266-A118-181B4331694C}.Release|Any CPU.ActiveCfg = Release|Any CPU
		{17405BE1-B526-4266-A118-181B4331694C}.Release|Any CPU.Build.0 = Release|Any CPU
		{EA5064A9-F606-441A-B842-0B04A4C035D8}.Debug|Any CPU.ActiveCfg = Debug|Any CPU
		{EA5064A9-F606-441A-B842-0B04A4C035D8}.Debug|Any CPU.Build.0 = Debug|Any CPU
		{EA5064A9-F606-441A-B842-0B04A4C035D8}.Release|Any CPU.ActiveCfg = Release|Any CPU
		{EA5064A9-F606-441A-B842-0B04A4C035D8}.Release|Any CPU.Build.0 = Release|Any CPU
		{A27F0CB0-1FCF-4C48-9DD0-8ECCD0510519}.Debug|Any CPU.ActiveCfg = Debug|Any CPU
		{A27F0CB0-1FCF-4C48-9DD0-8ECCD0510519}.Debug|Any CPU.Build.0 = Debug|Any CPU
		{A27F0CB0-1FCF-4C48-9DD0-8ECCD0510519}.Release|Any CPU.ActiveCfg = Release|Any CPU
		{A27F0CB0-1FCF-4C48-9DD0-8ECCD0510519}.Release|Any CPU.Build.0 = Release|Any CPU
		{F3EF861F-1CC9-4B24-A451-57A0CF231CA2}.Debug|Any CPU.ActiveCfg = Debug|Any CPU
		{F3EF861F-1CC9-4B24-A451-57A0CF231CA2}.Debug|Any CPU.Build.0 = Debug|Any CPU
		{F3EF861F-1CC9-4B24-A451-57A0CF231CA2}.Release|Any CPU.ActiveCfg = Release|Any CPU
		{F3EF861F-1CC9-4B24-A451-57A0CF231CA2}.Release|Any CPU.Build.0 = Release|Any CPU
		{816FC021-F812-4497-8E20-732926C37A6D}.Debug|Any CPU.ActiveCfg = Debug|Any CPU
		{816FC021-F812-4497-8E20-732926C37A6D}.Debug|Any CPU.Build.0 = Debug|Any CPU
		{816FC021-F812-4497-8E20-732926C37A6D}.Release|Any CPU.ActiveCfg = Release|Any CPU
		{816FC021-F812-4497-8E20-732926C37A6D}.Release|Any CPU.Build.0 = Release|Any CPU
		{1CF8110E-3FC7-45DC-A8A9-B011C3FC053D}.Debug|Any CPU.ActiveCfg = Debug|Any CPU
		{1CF8110E-3FC7-45DC-A8A9-B011C3FC053D}.Debug|Any CPU.Build.0 = Debug|Any CPU
		{1CF8110E-3FC7-45DC-A8A9-B011C3FC053D}.Release|Any CPU.ActiveCfg = Release|Any CPU
		{1CF8110E-3FC7-45DC-A8A9-B011C3FC053D}.Release|Any CPU.Build.0 = Release|Any CPU
	EndGlobalSection
	GlobalSection(SolutionProperties) = preSolution
		HideSolutionNode = FALSE
	EndGlobalSection
	GlobalSection(ExtensibilityGlobals) = postSolution
		SolutionGuid = {9BE11A17-F96A-411E-A07A-8D2FE43991C6}
	EndGlobalSection
EndGlobal
